{
  "version": 4,
  "terraform_version": "1.5.7",
  "serial": 19,
  "lineage": "a3685433-a555-0e0d-1efc-053cf7578f92",
  "outputs": {
    "aws_iam_user": {
      "value": "S3AccessUserTerraform",
      "type": "string"
    },
    "aws_s3_bucket": {
      "value": "oat-project-data-landing-terraform",
      "type": "string"
    },
    "snowflake_database": {
      "value": "DATABASE_TERRAFORM_DEV",
      "type": "string"
    },
    "snowflake_role": {
      "value": "DBT_ROLE_TERRAFORM",
      "type": "string"
    },
    "snowflake_schema_raw": {
      "value": "DBT_RAW_DEV",
      "type": "string"
    },
    "snowflake_schema_src": {
      "value": "SRC_DEV",
      "type": "string"
    },
    "snowflake_schema_tnfm": {
      "value": "DBT_TNFM_DEV",
      "type": "string"
    },
    "snowflake_warehouse": {
      "value": "WAREHOUSE_TERRAFORM_DEV",
      "type": "string"
    }
  },
  "resources": [
    {
      "mode": "managed",
      "type": "aws_iam_access_key",
      "name": "access_key",
      "provider": "provider[\"registry.terraform.io/hashicorp/aws\"]",
      "instances": [
        {
          "schema_version": 0,
          "attributes": {
            "create_date": "2023-10-30T15:51:26Z",
            "encrypted_secret": null,
            "encrypted_ses_smtp_password_v4": null,
            "id": "AKIAY3E2I2IQTQTU6HDC",
            "key_fingerprint": null,
            "pgp_key": null,
            "secret": "L8F8dkTSHs/1GzXGGnJbFcvmdgw93pFNhF96TzdL",
            "ses_smtp_password_v4": "BGpsraE5gT1MSYog9tgbT+FXL7HCHlASK5fKXfWjpCtv",
            "status": "Active",
            "user": "S3AccessUserTerraform"
          },
          "sensitive_attributes": [],
          "private": "bnVsbA==",
          "dependencies": [
            "aws_iam_user.access_user"
          ]
        }
      ]
    },
    {
      "mode": "managed",
      "type": "aws_iam_policy_attachment",
      "name": "user_attachment",
      "provider": "provider[\"registry.terraform.io/hashicorp/aws\"]",
      "instances": [
        {
          "schema_version": 0,
          "attributes": {
            "groups": null,
            "id": "AmazonS3FullAccess",
            "name": "AmazonS3FullAccess",
            "policy_arn": "arn:aws:iam::aws:policy/AmazonS3FullAccess",
            "roles": null,
            "users": [
              "S3AccessUserTerraform"
            ]
          },
          "sensitive_attributes": [],
          "private": "bnVsbA==",
          "dependencies": [
            "aws_iam_user.access_user"
          ]
        }
      ]
    },
    {
      "mode": "managed",
      "type": "aws_iam_user",
      "name": "access_user",
      "provider": "provider[\"registry.terraform.io/hashicorp/aws\"]",
      "instances": [
        {
          "schema_version": 0,
          "attributes": {
            "arn": "arn:aws:iam::608061411873:user/S3AccessUserTerraform",
            "force_destroy": false,
            "id": "S3AccessUserTerraform",
            "name": "S3AccessUserTerraform",
            "path": "/",
            "permissions_boundary": null,
            "tags": null,
            "tags_all": {},
            "unique_id": "AIDAY3E2I2IQY3KL3ZVOB"
          },
          "sensitive_attributes": [],
          "private": "bnVsbA=="
        }
      ]
    },
    {
      "mode": "managed",
      "type": "aws_s3_bucket",
      "name": "oat-project-data-landing",
      "provider": "provider[\"registry.terraform.io/hashicorp/aws\"]",
      "instances": [
        {
          "schema_version": 0,
          "attributes": {
            "acceleration_status": "",
            "acl": "private",
            "arn": "arn:aws:s3:::oat-project-data-landing-terraform",
            "bucket": "oat-project-data-landing-terraform",
            "bucket_domain_name": "oat-project-data-landing-terraform.s3.amazonaws.com",
            "bucket_prefix": null,
            "bucket_regional_domain_name": "oat-project-data-landing-terraform.s3.ap-southeast-1.amazonaws.com",
            "cors_rule": [],
            "force_destroy": false,
            "grant": [],
            "hosted_zone_id": "Z3O0J2DXBE1FTB",
            "id": "oat-project-data-landing-terraform",
            "lifecycle_rule": [],
            "logging": [],
            "object_lock_configuration": [],
            "object_lock_enabled": false,
            "policy": null,
            "region": "ap-southeast-1",
            "replication_configuration": [],
            "request_payer": "BucketOwner",
            "server_side_encryption_configuration": [
              {
                "rule": [
                  {
                    "apply_server_side_encryption_by_default": [
                      {
                        "kms_master_key_id": "",
                        "sse_algorithm": "AES256"
                      }
                    ],
                    "bucket_key_enabled": false
                  }
                ]
              }
            ],
            "tags": null,
            "tags_all": {},
            "versioning": [
              {
                "enabled": false,
                "mfa_delete": false
              }
            ],
            "website": [],
            "website_domain": null,
            "website_endpoint": null
          },
          "sensitive_attributes": [],
          "private": "bnVsbA=="
        }
      ]
    },
    {
      "mode": "managed",
      "type": "snowflake_database",
      "name": "tf_demo_database",
      "provider": "provider[\"registry.terraform.io/snowflake-labs/snowflake\"]",
      "instances": [
        {
          "schema_version": 0,
          "attributes": {
            "comment": "",
            "data_retention_time_in_days": 1,
            "from_database": null,
            "from_replica": null,
            "from_share": null,
            "id": "DATABASE_TERRAFORM_DEV",
            "is_transient": false,
            "name": "DATABASE_TERRAFORM_DEV",
            "replication_configuration": []
          },
          "sensitive_attributes": [],
          "private": "bnVsbA=="
        }
      ]
    },
    {
      "mode": "managed",
      "type": "snowflake_database_grant",
      "name": "database_ro_grant",
      "provider": "provider[\"registry.terraform.io/snowflake-labs/snowflake\"]",
      "instances": [
        {
          "schema_version": 0,
          "attributes": {
            "database_name": "DATABASE_TERRAFORM_DEV",
            "enable_multiple_grants": false,
            "id": "DATABASE_TERRAFORM_DEV|ALL PRIVILEGES|false|DBT_ROLE_TERRAFORM|",
            "privilege": "ALL PRIVILEGES",
            "revert_ownership_to_role_name": null,
            "roles": [
              "DBT_ROLE_TERRAFORM"
            ],
            "shares": null,
            "with_grant_option": false
          },
          "sensitive_attributes": [],
          "private": "bnVsbA==",
          "dependencies": [
            "snowflake_database.tf_demo_database",
            "snowflake_role.role"
          ]
        }
      ]
    },
    {
      "mode": "managed",
      "type": "snowflake_role",
      "name": "role",
      "provider": "provider[\"registry.terraform.io/snowflake-labs/snowflake\"]",
      "instances": [
        {
          "schema_version": 0,
          "attributes": {
            "comment": "",
            "id": "DBT_ROLE_TERRAFORM",
            "name": "DBT_ROLE_TERRAFORM",
            "tag": []
          },
          "sensitive_attributes": [],
          "private": "bnVsbA=="
        }
      ]
    },
    {
      "mode": "managed",
      "type": "snowflake_role_grants",
      "name": "grants",
      "provider": "provider[\"registry.terraform.io/snowflake-labs/snowflake\"]",
      "instances": [
        {
          "schema_version": 0,
          "attributes": {
            "enable_multiple_grants": true,
            "id": "ACCOUNTADMIN|DBT_ROLE_TERRAFORM|DBT_Terraform",
            "role_name": "ACCOUNTADMIN",
            "roles": [
              "DBT_ROLE_TERRAFORM"
            ],
            "users": [
              "DBT_Terraform"
            ]
          },
          "sensitive_attributes": [
            [
              {
                "type": "get_attr",
                "value": "users"
              }
            ]
          ],
          "private": "bnVsbA==",
          "dependencies": [
            "snowflake_role.role",
            "snowflake_user.user"
          ]
        }
      ]
    },
    {
      "mode": "managed",
      "type": "snowflake_schema",
      "name": "tf_demo_schema_raw",
      "provider": "provider[\"registry.terraform.io/snowflake-labs/snowflake\"]",
      "instances": [
        {
          "schema_version": 0,
          "attributes": {
            "comment": "",
            "data_retention_days": 1,
            "database": "DATABASE_TERRAFORM_DEV",
            "id": "DATABASE_TERRAFORM_DEV|DBT_RAW_DEV",
            "is_managed": false,
            "is_transient": false,
            "name": "DBT_RAW_DEV",
            "tag": []
          },
          "sensitive_attributes": [],
          "private": "bnVsbA==",
          "dependencies": [
            "snowflake_database.tf_demo_database"
          ]
        }
      ]
    },
    {
      "mode": "managed",
      "type": "snowflake_schema",
      "name": "tf_demo_schema_src",
      "provider": "provider[\"registry.terraform.io/snowflake-labs/snowflake\"]",
      "instances": [
        {
          "schema_version": 0,
          "attributes": {
            "comment": "",
            "data_retention_days": 1,
            "database": "DATABASE_TERRAFORM_DEV",
            "id": "DATABASE_TERRAFORM_DEV|SRC_DEV",
            "is_managed": false,
            "is_transient": false,
            "name": "SRC_DEV",
            "tag": []
          },
          "sensitive_attributes": [],
          "private": "bnVsbA==",
          "dependencies": [
            "snowflake_database.tf_demo_database"
          ]
        }
      ]
    },
    {
      "mode": "managed",
      "type": "snowflake_schema",
      "name": "tf_demo_schema_tnfm",
      "provider": "provider[\"registry.terraform.io/snowflake-labs/snowflake\"]",
      "instances": [
        {
          "schema_version": 0,
          "attributes": {
            "comment": "",
            "data_retention_days": 1,
            "database": "DATABASE_TERRAFORM_DEV",
            "id": "DATABASE_TERRAFORM_DEV|DBT_TNFM_DEV",
            "is_managed": false,
            "is_transient": false,
            "name": "DBT_TNFM_DEV",
            "tag": []
          },
          "sensitive_attributes": [],
          "private": "bnVsbA==",
          "dependencies": [
            "snowflake_database.tf_demo_database"
          ]
        }
      ]
    },
    {
      "mode": "managed",
      "type": "snowflake_schema_grant",
      "name": "schema_ro_grant_all",
      "provider": "provider[\"registry.terraform.io/snowflake-labs/snowflake\"]",
      "instances": [
        {
          "schema_version": 0,
          "attributes": {
            "database_name": "DATABASE_TERRAFORM_DEV",
            "enable_multiple_grants": false,
            "id": "DATABASE_TERRAFORM_DEV||ALL PRIVILEGES|false|false|true|DBT_ROLE_TERRAFORM|",
            "on_all": true,
            "on_future": false,
            "privilege": "ALL PRIVILEGES",
            "revert_ownership_to_role_name": null,
            "roles": [
              "DBT_ROLE_TERRAFORM"
            ],
            "schema_name": null,
            "shares": null,
            "with_grant_option": false
          },
          "sensitive_attributes": [],
          "private": "bnVsbA==",
          "dependencies": [
            "snowflake_database.tf_demo_database",
            "snowflake_role.role"
          ]
        }
      ]
    },
    {
      "mode": "managed",
      "type": "snowflake_schema_grant",
      "name": "schema_ro_grant_future",
      "provider": "provider[\"registry.terraform.io/snowflake-labs/snowflake\"]",
      "instances": [
        {
          "schema_version": 0,
          "attributes": {
            "database_name": "DATABASE_TERRAFORM_DEV",
            "enable_multiple_grants": false,
            "id": "DATABASE_TERRAFORM_DEV||ALL PRIVILEGES|false|true|false|DBT_ROLE_TERRAFORM|",
            "on_all": false,
            "on_future": true,
            "privilege": "ALL PRIVILEGES",
            "revert_ownership_to_role_name": null,
            "roles": [
              "DBT_ROLE_TERRAFORM"
            ],
            "schema_name": null,
            "shares": null,
            "with_grant_option": false
          },
          "sensitive_attributes": [],
          "private": "bnVsbA==",
          "dependencies": [
            "snowflake_database.tf_demo_database",
            "snowflake_role.role"
          ]
        }
      ]
    },
    {
      "mode": "managed",
      "type": "snowflake_table_grant",
      "name": "table_ro_grant_all",
      "provider": "provider[\"registry.terraform.io/snowflake-labs/snowflake\"]",
      "instances": [
        {
          "schema_version": 0,
          "attributes": {
            "database_name": "DATABASE_TERRAFORM_DEV",
            "enable_multiple_grants": false,
            "id": "DATABASE_TERRAFORM_DEV|SRC_DEV||ALL PRIVILEGES|false|false|true|DBT_ROLE_TERRAFORM|",
            "on_all": true,
            "on_future": false,
            "privilege": "ALL PRIVILEGES",
            "revert_ownership_to_role_name": null,
            "roles": [
              "DBT_ROLE_TERRAFORM"
            ],
            "schema_name": "SRC_DEV",
            "shares": null,
            "table_name": null,
            "with_grant_option": false
          },
          "sensitive_attributes": [],
          "private": "bnVsbA==",
          "dependencies": [
            "snowflake_database.tf_demo_database",
            "snowflake_role.role",
            "snowflake_schema.tf_demo_schema_src"
          ]
        }
      ]
    },
    {
      "mode": "managed",
      "type": "snowflake_table_grant",
      "name": "table_ro_grant_future",
      "provider": "provider[\"registry.terraform.io/snowflake-labs/snowflake\"]",
      "instances": [
        {
          "schema_version": 0,
          "attributes": {
            "database_name": "DATABASE_TERRAFORM_DEV",
            "enable_multiple_grants": false,
            "id": "DATABASE_TERRAFORM_DEV|SRC_DEV||ALL PRIVILEGES|false|true|false|DBT_ROLE_TERRAFORM|",
            "on_all": false,
            "on_future": true,
            "privilege": "ALL PRIVILEGES",
            "revert_ownership_to_role_name": null,
            "roles": [
              "DBT_ROLE_TERRAFORM"
            ],
            "schema_name": "SRC_DEV",
            "shares": null,
            "table_name": null,
            "with_grant_option": false
          },
          "sensitive_attributes": [],
          "private": "bnVsbA==",
          "dependencies": [
            "snowflake_database.tf_demo_database",
            "snowflake_role.role",
            "snowflake_schema.tf_demo_schema_src"
          ]
        }
      ]
    },
    {
      "mode": "managed",
      "type": "snowflake_user",
      "name": "user",
      "provider": "provider[\"registry.terraform.io/snowflake-labs/snowflake\"]",
      "instances": [
        {
          "schema_version": 0,
          "attributes": {
            "comment": "",
            "default_namespace": "",
            "default_role": "DBT_ROLE_TERRAFORM",
            "default_secondary_roles": null,
            "default_warehouse": "",
            "disabled": false,
            "display_name": "DBT_Terraform",
            "email": "",
            "first_name": "",
            "has_rsa_public_key": false,
            "id": "DBT_Terraform",
            "last_name": "",
            "login_name": "DBT_TERRAFORM",
            "must_change_password": false,
            "name": "DBT_Terraform",
            "password": "password",
            "rsa_public_key": null,
            "rsa_public_key_2": null,
            "tag": []
          },
          "sensitive_attributes": [],
          "private": "bnVsbA==",
          "dependencies": [
            "snowflake_role.role"
          ]
        }
      ]
    },
    {
      "mode": "managed",
      "type": "snowflake_warehouse",
      "name": "tf_demo_warehouse",
      "provider": "provider[\"registry.terraform.io/snowflake-labs/snowflake\"]",
      "instances": [
        {
          "schema_version": 0,
          "attributes": {
            "auto_resume": true,
            "auto_suspend": 600,
            "comment": "",
            "enable_query_acceleration": false,
            "id": "WAREHOUSE_TERRAFORM_DEV",
            "initially_suspended": null,
            "max_cluster_count": 1,
            "max_concurrency_level": 8,
            "min_cluster_count": 1,
            "name": "WAREHOUSE_TERRAFORM_DEV",
            "query_acceleration_max_scale_factor": 8,
            "resource_monitor": "null",
            "scaling_policy": "STANDARD",
            "statement_queued_timeout_in_seconds": 0,
            "statement_timeout_in_seconds": 172800,
            "wait_for_provisioning": null,
            "warehouse_size": "XSMALL",
            "warehouse_type": "STANDARD"
          },
          "sensitive_attributes": [],
          "private": "bnVsbA=="
        }
      ]
    },
    {
      "mode": "managed",
      "type": "snowflake_warehouse_grant",
      "name": "warehouse_grant",
      "provider": "provider[\"registry.terraform.io/snowflake-labs/snowflake\"]",
      "instances": [
        {
          "schema_version": 0,
          "attributes": {
            "enable_multiple_grants": false,
            "id": "WAREHOUSE_TERRAFORM_DEV|OPERATE|false|DBT_ROLE_TERRAFORM",
            "privilege": "OPERATE",
            "revert_ownership_to_role_name": null,
            "roles": [
              "DBT_ROLE_TERRAFORM"
            ],
            "warehouse_name": "WAREHOUSE_TERRAFORM_DEV",
            "with_grant_option": false
          },
          "sensitive_attributes": [],
          "private": "bnVsbA==",
          "dependencies": [
            "snowflake_role.role",
            "snowflake_warehouse.tf_demo_warehouse"
          ]
        }
      ]
    }
  ],
  "check_results": null
}
